
Microsoft Visual Studio Solution File, Format Version 11.00
# Visual Studio 2010
Project("{FAE04EC0-301F-11D3-BF4B-00C04F79EFBC}") = "Assembly-CSharp", "Assembly-CSharp.csproj", "{C378171A-42B7-CB74-21ED-C43DD3ADD582}"
EndProject
Project("{FAE04EC0-301F-11D3-BF4B-00C04F79EFBC}") = "Assembly-CSharp-Editor", "Assembly-CSharp-Editor.csproj", "{62CCBFF9-EC1F-F184-53DE-D1DBCE0FAF0E}"
EndProject
Project("{FAE04EC0-301F-11D3-BF4B-00C04F79EFBC}") = "Assembly-CSharp-Editor-firstpass", "Assembly-CSharp-Editor-firstpass.csproj", "{AF3A3ABC-4033-1D35-7F64-C0179A70BF33}"
EndProject
Global
	GlobalSection(SolutionConfigurationPlatforms) = preSolution
		Debug|Any CPU = Debug|Any CPU
		Release|Any CPU = Release|Any CPU
	EndGlobalSection
	GlobalSection(ProjectConfigurationPlatforms) = postSolution
		{C378171A-42B7-CB74-21ED-C43DD3ADD582}.Debug|Any CPU.ActiveCfg = Debug|Any CPU
		{C378171A-42B7-CB74-21ED-C43DD3ADD582}.Debug|Any CPU.Build.0 = Debug|Any CPU
		{C378171A-42B7-CB74-21ED-C43DD3ADD582}.Release|Any CPU.ActiveCfg = Release|Any CPU
		{C378171A-42B7-CB74-21ED-C43DD3ADD582}.Release|Any CPU.Build.0 = Release|Any CPU
		{62CCBFF9-EC1F-F184-53DE-D1DBCE0FAF0E}.Debug|Any CPU.ActiveCfg = Debug|Any CPU
		{62CCBFF9-EC1F-F184-53DE-D1DBCE0FAF0E}.Debug|Any CPU.Build.0 = Debug|Any CPU
		{62CCBFF9-EC1F-F184-53DE-D1DBCE0FAF0E}.Release|Any CPU.ActiveCfg = Release|Any CPU
		{62CCBFF9-EC1F-F184-53DE-D1DBCE0FAF0E}.Release|Any CPU.Build.0 = Release|Any CPU
		{AF3A3ABC-4033-1D35-7F64-C0179A70BF33}.Debug|Any CPU.ActiveCfg = Debug|Any CPU
		{AF3A3ABC-4033-1D35-7F64-C0179A70BF33}.Debug|Any CPU.Build.0 = Debug|Any CPU
		{AF3A3ABC-4033-1D35-7F64-C0179A70BF33}.Release|Any CPU.ActiveCfg = Release|Any CPU
		{AF3A3ABC-4033-1D35-7F64-C0179A70BF33}.Release|Any CPU.Build.0 = Release|Any CPU
	EndGlobalSection
	GlobalSection(SolutionProperties) = preSolution
		HideSolutionNode = FALSE
	EndGlobalSection
	GlobalSection(MonoDevelopProperties) = preSolution
		StartupItem = Assembly-CSharp.csproj
	EndGlobalSection
EndGlobal
